// !$*UTF8*$!
{
	archiveVersion = 1;
	classes = {
	};
	objectVersion = 46;
	objects = {

/* Begin PBXBuildFile section */
		F94292DA1C231C3200D87210 /* AppDelegate.swift in Sources */ = {isa = PBXBuildFile; fileRef = F94292D91C231C3200D87210 /* AppDelegate.swift */; };
		F94292DC1C231C3200D87210 /* ViewController.swift in Sources */ = {isa = PBXBuildFile; fileRef = F94292DB1C231C3200D87210 /* ViewController.swift */; };
		F94292DF1C231C3200D87210 /* Main.storyboard in Resources */ = {isa = PBXBuildFile; fileRef = F94292DD1C231C3200D87210 /* Main.storyboard */; };
		F94292E11C231C3200D87210 /* Assets.xcassets in Resources */ = {isa = PBXBuildFile; fileRef = F94292E01C231C3200D87210 /* Assets.xcassets */; };
		F94292E41C231C3200D87210 /* LaunchScreen.storyboard in Resources */ = {isa = PBXBuildFile; fileRef = F94292E21C231C3200D87210 /* LaunchScreen.storyboard */; };
/* End PBXBuildFile section */

/* Begin PBXFileReference section */
		F94292D61C231C3200D87210 /* Beered.app */ = {isa = PBXFileReference; explicitFileType = wrapper.application; includeInIndex = 0; path = Beered.app; sourceTree = BUILT_PRODUCTS_DIR; };
		F94292D91C231C3200D87210 /* AppDelegate.swift */ = {isa = PBXFileReference; lastKnownFileType = sourcecode.swift; path = AppDelegate.swift; sourceTree = "<group>"; };
		F94292DB1C231C3200D87210 /* ViewController.swift */ = {isa = PBXFileReference; lastKnownFileType = sourcecode.swift; path = ViewController.swift; sourceTree = "<group>"; };
		F94292DE1C231C3200D87210 /* Base */ = {isa = PBXFileReference; lastKnownFileType = file.storyboard; name = Base; path = Base.lproj/Main.storyboard; sourceTree = "<group>"; };
		F94292E01C231C3200D87210 /* Assets.xcassets */ = {isa = PBXFileReference; lastKnownFileType = folder.assetcatalog; path = Assets.xcassets; sourceTree = "<group>"; };
		F94292E31C231C3200D87210 /* Base */ = {isa = PBXFileReference; lastKnownFileType = file.storyboard; name = Base; path = Base.lproj/LaunchScreen.storyboard; sourceTree = "<group>"; };
		F94292E51C231C3200D87210 /* Info.plist */ = {isa = PBXFileReference; lastKnownFileType = text.plist.xml; path = Info.plist; sourceTree = "<group>"; };
/* End PBXFileReference section */

/* Begin PBXFrameworksBuildPhase section */
		F94292D31C231C3200D87210 /* Frameworks */ = {
			isa = PBXFrameworksBuildPhase;
			buildActionMask = 2147483647;
			files = (
			);
			runOnlyForDeploymentPostprocessing = 0;
		};
/* End PBXFrameworksBuildPhase section */

/* Begin PBXGroup section */
		F94292CD1C231C3200D87210 = {
			isa = PBXGroup;
			children = (
				F94292D81C231C3200D87210 /* Beered */,
				F94292D71C231C3200D87210 /* Products */,
			);
			sourceTree = "<group>";
		};
		F94292D71C231C3200D87210 /* Products */ = {
			isa = PBXGroup;
			children = (
				F94292D61C231C3200D87210 /* Beered.app */,
			);
			name = Products;
			sourceTree = "<group>";
		};
		F94292D81C231C3200D87210 /* Beered */ = {
			isa = PBXGroup;
			children = (
				F94292D91C231C3200D87210 /* AppDelegate.swift */,
				F94292DB1C231C3200D87210 /* ViewController.swift */,
				F94292DD1C231C3200D87210 /* Main.storyboard */,
				F94292E01C231C3200D87210 /* Assets.xcassets */,
				F94292E21C231C3200D87210 /* LaunchScreen.storyboard */,
				F94292E51C231C3200D87210 /* Info.plist */,
			);
			path = Beered;
			sourceTree = "<group>";
		};
/* End PBXGroup section */

/* Begin PBXNativeTarget section */
		F94292D51C231C3200D87210 /* Beered */ = {
			isa = PBXNativeTarget;
			buildConfigurationList = F94292E81C231C3200D87210 /* Build configuration list for PBXNativeTarget "Beered" */;
			buildPhases = (
				F94292D21C231C3200D87210 /* Sources */,
				F94292D31C231C3200D87210 /* Frameworks */,
				F94292D41C231C3200D87210 /* Resources */,
			);
			buildRules = (
			);
			dependencies = (
			);
			name = Beered;
			productName = Beered;
			productReference = F94292D61C231C3200D87210 /* Beered.app */;
			productType = "com.apple.product-type.application";
		};
/* End PBXNativeTarget section */

/* Begin PBXProject section */
		F94292CE1C231C3200D87210 /* Project object */ = {
			isa = PBXProject;
			attributes = {
				LastSwiftUpdateCheck = 0720;
				LastUpgradeCheck = 0720;
				ORGANIZATIONNAME = "Dieter Vyncke";
				TargetAttributes = {
					F94292D51C231C3200D87210 = {
						CreatedOnToolsVersion = 7.2;
					};
				};
			};
			buildConfigurationList = F94292D11C231C3200D87210 /* Build configuration list for PBXProject "Beered" */;
			compatibilityVersion = "Xcode 3.2";
			developmentRegion = English;
			hasScannedForEncodings = 0;
			knownRegions = (
				en,
				Base,
			);
			mainGroup = F94292CD1C231C3200D87210;
			productRefGroup = F94292D71C231C3200D87210 /* Products */;
			projectDirPath = "";
			projectRoot = "";
			targets = (
				F94292D51C231C3200D87210 /* Beered */,
			);
		};
/* End PBXProject section */

/* Begin PBXResourcesBuildPhase section */
		F94292D41C231C3200D87210 /* Resources */ = {
			isa = PBXResourcesBuildPhase;
			buildActionMask = 2147483647;
			files = (
				F94292E41C231C3200D87210 /* LaunchScreen.storyboard in Resources */,
				F94292E11C231C3200D87210 /* Assets.xcassets in Resources */,
				F94292DF1C231C3200D87210 /* Main.storyboard in Resources */,
			);
			runOnlyForDeploymentPostprocessing = 0;
		};
/* End PBXResourcesBuildPhase section */

/* Begin PBXSourcesBuildPhase section */
		F94292D21C231C3200D87210 /* Sources */ = {
			isa = PBXSourcesBuildPhase;
			buildActionMask = 2147483647;
			files = (
				F94292DC1C231C3200D87210 /* ViewController.swift in Sources */,
				F94292DA1C231C3200D87210 /* AppDelegate.swift in Sources */,
			);
			runOnlyForDeploymentPostprocessing = 0;
		};
/* End PBXSourcesBuildPhase section */

/* Begin PBXVariantGroup section */
		F94292DD1C231C3200D87210 /* Main.storyboard */ = {
			isa = PBXVariantGroup;
			children = (
				F94292DE1C231C3200D87210 /* Base */,
			);
			name = Main.storyboard;
			sourceTree = "<group>";
		};
		F94292E21C231C3200D87210 /* LaunchScreen.storyboard */ = {
			isa = PBXVariantGroup;
			children = (
				F94292E31C231C3200D87210 /* Base */,
			);
			name = LaunchScreen.storyboard;
			sourceTree = "<group>";
		};
/* End PBXVariantGroup section */

/* Begin XCBuildConfiguration section */
		F94292E61C231C3200D87210 /* Debug */ = {
			isa = XCBuildConfiguration;
			buildSettings = {
				ALWAYS_SEARCH_USER_PATHS = NO;
				CLANG_CXX_LANGUAGE_STANDARD = "gnu++0x";
				CLANG_CXX_LIBRARY = "libc++";
				CLANG_ENABLE_MODULES = YES;
				CLANG_ENABLE_OBJC_ARC = YES;
				CLANG_WARN_BOOL_CONVERSION = YES;
				CLANG_WARN_CONSTANT_CONVERSION = YES;
				CLANG_WARN_DIRECT_OBJC_ISA_USAGE = YES_ERROR;
				CLANG_WARN_EMPTY_BODY = YES;
				CLANG_WARN_ENUM_CONVERSION = YES;
				CLANG_WARN_INT_CONVERSION = YES;
				CLANG_WARN_OBJC_ROOT_CLASS = YES_ERROR;
				CLANG_WARN_UNREACHABLE_CODE = YES;
				CLANG_WARN__DUPLICATE_METHOD_MATCH = YES;
				"CODE_SIGN_IDENTITY[sdk=iphoneos*]" = "iPhone Developer";
				COPY_PHASE_STRIP = NO;
				DEBUG_INFORMATION_FORMAT = dwarf;
				ENABLE_STRICT_OBJC_MSGSEND = YES;
				ENABLE_TESTABILITY = YES;
				GCC_C_LANGUAGE_STANDARD = gnu99;
				GCC_DYNAMIC_NO_PIC = NO;
				GCC_NO_COMMON_BLOCKS = YES;
				GCC_OPTIMIZATION_LEVEL = 0;
				GCC_PREPROCESSOR_DEFINITIONS = (
					"DEBUG=1",
					"$(inherited)",
				);
				GCC_WARN_64_TO_32_BIT_CONVERSION = YES;
				GCC_WARN_ABOUT_RETURN_TYPE = YES_ERROR;
				GCC_WARN_UNDECLARED_SELECTOR = YES;
				GCC_WARN_UNINITIALIZED_AUTOS = YES_AGGRESSIVE;
				GCC_WARN_UNUSED_FUNCTION = YES;
				GCC_WARN_UNUSED_VARIABLE = YES;
				IPHONEOS_DEPLOYMENT_TARGET = 9.2;
				MTL_ENABLE_DEBUG_INFO = YES;
				ONLY_ACTIVE_ARCH = YES;
				SDKROOT = iphoneos;
				SWIFT_OPTIMIZATION_LEVEL = "-Onone";
				TARGETED_DEVICE_FAMILY = "1,2";
			};
			name = Debug;
		};
		F94292E71C231C3200D87210 /* Release */ = {
			isa = XCBuildConfiguration;
			buildSettings = {
				ALWAYS_SEARCH_USER_PATHS = NO;
				CLANG_CXX_LANGUAGE_STANDARD = "gnu++0x";
				CLANG_CXX_LIBRARY = "libc++";
				CLANG_ENABLE_MODULES = YES;
				CLANG_ENABLE_OBJC_ARC = YES;
				CLANG_WARN_BOOL_CONVERSION = YES;
				CLANG_WARN_CONSTANT_CONVERSION = YES;
				CLANG_WARN_DIRECT_OBJC_ISA_USAGE = YES_ERROR;
				CLANG_WARN_EMPTY_BODY = YES;
				CLANG_WARN_ENUM_CONVERSION = YES;
				CLANG_WARN_INT_CONVERSION = YES;
				CLANG_WARN_OBJC_ROOT_CLASS = YES_ERROR;
				CLANG_WARN_UNREACHABLE_CODE = YES;
				CLANG_WARN__DUPLICATE_METHOD_MATCH = YES;
				"CODE_SIGN_IDENTITY[sdk=iphoneos*]" = "iPhone Developer";
				COPY_PHASE_STRIP = NO;
				DEBUG_INFORMATION_FORMAT = "dwarf-with-dsym";
				ENABLE_NS_ASSERTIONS = NO;
				ENABLE_STRICT_OBJC_MSGSEND = YES;
				GCC_C_LANGUAGE_STANDARD = gnu99;
				GCC_NO_COMMON_BLOCKS = YES;
				GCC_WARN_64_TO_32_BIT_CONVERSION = YES;
				GCC_WARN_ABOUT_RETURN_TYPE = YES_ERROR;
				GCC_WARN_UNDECLARED_SELECTOR = YES;
				GCC_WARN_UNINITIALIZED_AUTOS = YES_AGGRESSIVE;
				GCC_WARN_UNUSED_FUNCTION = YES;
				GCC_WARN_UNUSED_VARIABLE = YES;
				IPHONEOS_DEPLOYMENT_TARGET = 9.2;
				MTL_ENABLE_DEBUG_INFO = NO;
				SDKROOT = iphoneos;
				TARGETED_DEVICE_FAMILY = "1,2";
				VALIDATE_PRODUCT = YES;
			};
			name = Release;
		};
		F94292E91C231C3200D87210 /* Debug */ = {
			isa = XCBuildConfiguration;
			buildSettings = {
				ASSETCATALOG_COMPILER_APPICON_NAME = AppIcon;
				INFOPLIST_FILE = Beered/Info.plist;
				LD_RUNPATH_SEARCH_PATHS = "$(inherited) @executable_path/Frameworks";
				PRODUCT_BUNDLE_IDENTIFIER = com.dietervyncke.Beered;
				PRODUCT_NAME = "$(TARGET_NAME)";
			};
			name = Debug;
		};
		F94292EA1C231C3200D87210 /* Release */ = {
			isa = XCBuildConfiguration;
			buildSettings = {
				ASSETCATALOG_COMPILER_APPICON_NAME = AppIcon;
				INFOPLIST_FILE = Beered/Info.plist;
				LD_RUNPATH_SEARCH_PATHS = "$(inherited) @executable_path/Frameworks";
				PRODUCT_BUNDLE_IDENTIFIER = com.dietervyncke.Beered;
				PRODUCT_NAME = "$(TARGET_NAME)";
			};
			name = Release;
		};
/* End XCBuildConfiguration section */

/* Begin XCConfigurationList section */
		F94292D11C231C3200D87210 /* Build configuration list for PBXProject "Beered" */ = {
			isa = XCConfigurationList;
			buildConfigurations = (
				F94292E61C231C3200D87210 /* Debug */,
				F94292E71C231C3200D87210 /* Release */,
			);
			defaultConfigurationIsVisible = 0;
			defaultConfigurationName = Release;
		};
		F94292E81C231C3200D87210 /* Build configuration list for PBXNativeTarget "Beered" */ = {
			isa = XCConfigurationList;
			buildConfigurations = (
				F94292E91C231C3200D87210 /* Debug */,
				F94292EA1C231C3200D87210 /* Release */,
			);
			defaultConfigurationIsVisible = 0;
		};
/* End XCConfigurationList section */
	};
	rootObject = F94292CE1C231C3200D87210 /* Project object */;
}
